
Microsoft Visual Studio Solution File, Format Version 12.00
# Visual Studio Version 17
VisualStudioVersion = 17.3.32611.2
MinimumVisualStudioVersion = 10.0.40219.1
Project("{9A19103F-16F7-4668-BE54-9A1E7A4F7556}") = "Veld.Osu", "Veld.Osu\Veld.Osu.csproj", "{838D8B5E-AE67-48C8-B3B2-EDF4D8C9FBB1}"
EndProject
Project("{9A19103F-16F7-4668-BE54-9A1E7A4F7556}") = "Veld.Osu.RuntimeTest", "Veld.Osu.RuntimeTest\Veld.Osu.RuntimeTest.csproj", "{F8629005-0823-4F90-A40E-FA4D41FDCDF7}"
EndProject
Project("{9A19103F-16F7-4668-BE54-9A1E7A4F7556}") = "Veld.Osu.Tests", "Veld.Osu.Tests\Veld.Osu.Tests.csproj", "{C2CCF4AE-EB5A-4B27-8676-5F35D891467E}"
EndProject
Global
	GlobalSection(SolutionConfigurationPlatforms) = preSolution
		Debug|Any CPU = Debug|Any CPU
		Release|Any CPU = Release|Any CPU
	EndGlobalSection
	GlobalSection(ProjectConfigurationPlatforms) = postSolution
		{838D8B5E-AE67-48C8-B3B2-EDF4D8C9FBB1}.Debug|Any CPU.ActiveCfg = Debug|Any CPU
		{838D8B5E-AE67-48C8-B3B2-EDF4D8C9FBB1}.Debug|Any CPU.Build.0 = Debug|Any CPU
		{838D8B5E-AE67-48C8-B3B2-EDF4D8C9FBB1}.Release|Any CPU.ActiveCfg = Release|Any CPU
		{838D8B5E-AE67-48C8-B3B2-EDF4D8C9FBB1}.Release|Any CPU.Build.0 = Release|Any CPU
		{F8629005-0823-4F90-A40E-FA4D41FDCDF7}.Debug|Any CPU.ActiveCfg = Debug|Any CPU
		{F8629005-0823-4F90-A40E-FA4D41FDCDF7}.Debug|Any CPU.Build.0 = Debug|Any CPU
		{F8629005-0823-4F90-A40E-FA4D41FDCDF7}.Release|Any CPU.ActiveCfg = Release|Any CPU
		{F8629005-0823-4F90-A40E-FA4D41FDCDF7}.Release|Any CPU.Build.0 = Release|Any CPU
		{C2CCF4AE-EB5A-4B27-8676-5F35D891467E}.Debug|Any CPU.ActiveCfg = Debug|Any CPU
		{C2CCF4AE-EB5A-4B27-8676-5F35D891467E}.Debug|Any CPU.Build.0 = Debug|Any CPU
		{C2CCF4AE-EB5A-4B27-8676-5F35D891467E}.Release|Any CPU.ActiveCfg = Release|Any CPU
		{C2CCF4AE-EB5A-4B27-8676-5F35D891467E}.Release|Any CPU.Build.0 = Release|Any CPU
	EndGlobalSection
	GlobalSection(SolutionProperties) = preSolution
		HideSolutionNode = FALSE
	EndGlobalSection
	GlobalSection(ExtensibilityGlobals) = postSolution
		SolutionGuid = {BD44198D-F5D4-440B-91A7-CDFC5DE9426C}
	EndGlobalSection
EndGlobal
